
Microsoft Visual Studio Solution File, Format Version 12.00
# Visual Studio Version 17
VisualStudioVersion = 17.11.35327.3
MinimumVisualStudioVersion = 10.0.40219.1
Project("{9A19103F-16F7-4668-BE54-9A1E7A4F7556}") = "inv_api_sample", "inv_api_sample\inv_api_sample.csproj", "{A3219467-8CC4-49AE-A8EC-0C4C226F6F9A}"
EndProject
Project("{9A19103F-16F7-4668-BE54-9A1E7A4F7556}") = "InvDataAccess", "InvDataAccess\InvDataAccess.csproj", "{57A62F6D-D708-4852-8BCF-66906CBD29D5}"
EndProject
Global
	GlobalSection(SolutionConfigurationPlatforms) = preSolution
		Debug|Any CPU = Debug|Any CPU
		Release|Any CPU = Release|Any CPU
	EndGlobalSection
	GlobalSection(ProjectConfigurationPlatforms) = postSolution
		{A3219467-8CC4-49AE-A8EC-0C4C226F6F9A}.Debug|Any CPU.ActiveCfg = Debug|Any CPU
		{A3219467-8CC4-49AE-A8EC-0C4C226F6F9A}.Debug|Any CPU.Build.0 = Debug|Any CPU
		{A3219467-8CC4-49AE-A8EC-0C4C226F6F9A}.Release|Any CPU.ActiveCfg = Release|Any CPU
		{A3219467-8CC4-49AE-A8EC-0C4C226F6F9A}.Release|Any CPU.Build.0 = Release|Any CPU
		{57A62F6D-D708-4852-8BCF-66906CBD29D5}.Debug|Any CPU.ActiveCfg = Debug|Any CPU
		{57A62F6D-D708-4852-8BCF-66906CBD29D5}.Debug|Any CPU.Build.0 = Debug|Any CPU
		{57A62F6D-D708-4852-8BCF-66906CBD29D5}.Release|Any CPU.ActiveCfg = Release|Any CPU
		{57A62F6D-D708-4852-8BCF-66906CBD29D5}.Release|Any CPU.Build.0 = Release|Any CPU
	EndGlobalSection
	GlobalSection(SolutionProperties) = preSolution
		HideSolutionNode = FALSE
	EndGlobalSection
	GlobalSection(ExtensibilityGlobals) = postSolution
		SolutionGuid = {9743FC78-427B-468C-B345-B73F2DF546D8}
	EndGlobalSection
EndGlobal
